
Microsoft Visual Studio Solution File, Format Version 10.00
# Visual Studio 2008
Project("{8BC9CEB8-8B4A-11D0-8D11-00A0C91BC942}") = "多项式", "多项式\多项式.vcproj", "{E74FEC72-F49B-40A2-8B06-D11F482B056B}"
EndProject
Global
	GlobalSection(SolutionConfigurationPlatforms) = preSolution
		Debug|Win32 = Debug|Win32
		Release|Win32 = Release|Win32
	EndGlobalSection
	GlobalSection(ProjectConfigurationPlatforms) = postSolution
		{E74FEC72-F49B-40A2-8B06-D11F482B056B}.Debug|Win32.ActiveCfg = Debug|Win32
		{E74FEC72-F49B-40A2-8B06-D11F482B056B}.Debug|Win32.Build.0 = Debug|Win32
		{E74FEC72-F49B-40A2-8B06-D11F482B056B}.Release|Win32.ActiveCfg = Release|Win32
		{E74FEC72-F49B-40A2-8B06-D11F482B056B}.Release|Win32.Build.0 = Release|Win32
	EndGlobalSection
	GlobalSection(SolutionProperties) = preSolution
		HideSolutionNode = FALSE
	EndGlobalSection
EndGlobal
