
Microsoft Visual Studio Solution File, Format Version 9.00
# Visual Studio 2005
Project("{8BC9CEB8-8B4A-11D0-8D11-00A0C91BC942}") = "Server", "Server\Server.vcproj", "{277636E3-C63B-484A-B976-E18B9E0CE1CD}"
EndProject
Global
	GlobalSection(SolutionConfigurationPlatforms) = preSolution
		Debug|Win32 = Debug|Win32
		Release|Win32 = Release|Win32
	EndGlobalSection
	GlobalSection(ProjectConfigurationPlatforms) = postSolution
		{277636E3-C63B-484A-B976-E18B9E0CE1CD}.Debug|Win32.ActiveCfg = Debug|Win32
		{277636E3-C63B-484A-B976-E18B9E0CE1CD}.Debug|Win32.Build.0 = Debug|Win32
		{277636E3-C63B-484A-B976-E18B9E0CE1CD}.Release|Win32.ActiveCfg = Release|Win32
		{277636E3-C63B-484A-B976-E18B9E0CE1CD}.Release|Win32.Build.0 = Release|Win32
	EndGlobalSection
	GlobalSection(SolutionProperties) = preSolution
		HideSolutionNode = FALSE
	EndGlobalSection
EndGlobal
