
Microsoft Visual Studio Solution File, Format Version 10.00
# Visual Studio 2008
Project("{8BC9CEB8-8B4A-11D0-8D11-00A0C91BC942}") = "LinearList", "LinearList\LinearList.vcproj", "{63D49F67-B472-4FDB-B03A-3FF7D291C331}"
EndProject
Global
	GlobalSection(SolutionConfigurationPlatforms) = preSolution
		Debug|Win32 = Debug|Win32
		Release|Win32 = Release|Win32
	EndGlobalSection
	GlobalSection(ProjectConfigurationPlatforms) = postSolution
		{63D49F67-B472-4FDB-B03A-3FF7D291C331}.Debug|Win32.ActiveCfg = Debug|Win32
		{63D49F67-B472-4FDB-B03A-3FF7D291C331}.Debug|Win32.Build.0 = Debug|Win32
		{63D49F67-B472-4FDB-B03A-3FF7D291C331}.Release|Win32.ActiveCfg = Release|Win32
		{63D49F67-B472-4FDB-B03A-3FF7D291C331}.Release|Win32.Build.0 = Release|Win32
	EndGlobalSection
	GlobalSection(SolutionProperties) = preSolution
		HideSolutionNode = FALSE
	EndGlobalSection
EndGlobal
