
Microsoft Visual Studio Solution File, Format Version 10.00
# Visual C++ Express 2008
Project("{8BC9CEB8-8B4A-11D0-8D11-00A0C91BC942}") = "AlmostPerfectNumber", "AlmostPerfectNumber\AlmostPerfectNumber.vcproj", "{AEA950A9-57C5-4783-991C-B5C4B669895F}"
EndProject
Global
	GlobalSection(SolutionConfigurationPlatforms) = preSolution
		Debug|Win32 = Debug|Win32
		Release|Win32 = Release|Win32
	EndGlobalSection
	GlobalSection(ProjectConfigurationPlatforms) = postSolution
		{AEA950A9-57C5-4783-991C-B5C4B669895F}.Debug|Win32.ActiveCfg = Debug|Win32
		{AEA950A9-57C5-4783-991C-B5C4B669895F}.Debug|Win32.Build.0 = Debug|Win32
		{AEA950A9-57C5-4783-991C-B5C4B669895F}.Release|Win32.ActiveCfg = Release|Win32
		{AEA950A9-57C5-4783-991C-B5C4B669895F}.Release|Win32.Build.0 = Release|Win32
	EndGlobalSection
	GlobalSection(SolutionProperties) = preSolution
		HideSolutionNode = FALSE
	EndGlobalSection
EndGlobal
