
Microsoft Visual Studio Solution File, Format Version 9.00
# Visual Studio 2005
Project("{8BC9CEB8-8B4A-11D0-8D11-00A0C91BC942}") = "3_10", "3_10\3_10.vcproj", "{942F32A7-DB39-4BCE-98A0-B8439E03321D}"
EndProject
Global
	GlobalSection(SolutionConfigurationPlatforms) = preSolution
		Debug|Win32 = Debug|Win32
		Release|Win32 = Release|Win32
	EndGlobalSection
	GlobalSection(ProjectConfigurationPlatforms) = postSolution
		{942F32A7-DB39-4BCE-98A0-B8439E03321D}.Debug|Win32.ActiveCfg = Debug|Win32
		{942F32A7-DB39-4BCE-98A0-B8439E03321D}.Debug|Win32.Build.0 = Debug|Win32
		{942F32A7-DB39-4BCE-98A0-B8439E03321D}.Release|Win32.ActiveCfg = Release|Win32
		{942F32A7-DB39-4BCE-98A0-B8439E03321D}.Release|Win32.Build.0 = Release|Win32
	EndGlobalSection
	GlobalSection(SolutionProperties) = preSolution
		HideSolutionNode = FALSE
	EndGlobalSection
EndGlobal
