
Microsoft Visual Studio Solution File, Format Version 9.00
# Visual Studio 2005
Project("{8BC9CEB8-8B4A-11D0-8D11-00A0C91BC942}") = "2_9 make the lib", "2_9 make the lib\2_9 make the lib.vcproj", "{0CF9DCD7-A75A-40EF-AE01-D2CBCD54F258}"
EndProject
Global
	GlobalSection(SolutionConfigurationPlatforms) = preSolution
		Debug|Win32 = Debug|Win32
		Release|Win32 = Release|Win32
	EndGlobalSection
	GlobalSection(ProjectConfigurationPlatforms) = postSolution
		{0CF9DCD7-A75A-40EF-AE01-D2CBCD54F258}.Debug|Win32.ActiveCfg = Debug|Win32
		{0CF9DCD7-A75A-40EF-AE01-D2CBCD54F258}.Debug|Win32.Build.0 = Debug|Win32
		{0CF9DCD7-A75A-40EF-AE01-D2CBCD54F258}.Release|Win32.ActiveCfg = Release|Win32
		{0CF9DCD7-A75A-40EF-AE01-D2CBCD54F258}.Release|Win32.Build.0 = Release|Win32
	EndGlobalSection
	GlobalSection(SolutionProperties) = preSolution
		HideSolutionNode = FALSE
	EndGlobalSection
EndGlobal
