
Microsoft Visual Studio Solution File, Format Version 10.00
# Visual Studio 2008
Project("{8BC9CEB8-8B4A-11D0-8D11-00A0C91BC942}") = "Problem_1", "Problem_1\Problem_1.vcproj", "{330EC128-31C3-46A5-B541-B92DB71D2969}"
EndProject
Global
	GlobalSection(SolutionConfigurationPlatforms) = preSolution
		Debug|Win32 = Debug|Win32
		Release|Win32 = Release|Win32
	EndGlobalSection
	GlobalSection(ProjectConfigurationPlatforms) = postSolution
		{330EC128-31C3-46A5-B541-B92DB71D2969}.Debug|Win32.ActiveCfg = Debug|Win32
		{330EC128-31C3-46A5-B541-B92DB71D2969}.Debug|Win32.Build.0 = Debug|Win32
		{330EC128-31C3-46A5-B541-B92DB71D2969}.Release|Win32.ActiveCfg = Release|Win32
		{330EC128-31C3-46A5-B541-B92DB71D2969}.Release|Win32.Build.0 = Release|Win32
	EndGlobalSection
	GlobalSection(SolutionProperties) = preSolution
		HideSolutionNode = FALSE
	EndGlobalSection
EndGlobal
