
Microsoft Visual Studio Solution File, Format Version 9.00
# Visual Studio 2005
Project("{8BC9CEB8-8B4A-11D0-8D11-00A0C91BC942}") = "Test for the test", "Test for the test\Test for the test.vcproj", "{43CAEC0C-8BC0-4B98-AAD5-FB2A0F3190C5}"
EndProject
Global
	GlobalSection(SolutionConfigurationPlatforms) = preSolution
		Debug|Win32 = Debug|Win32
		Release|Win32 = Release|Win32
	EndGlobalSection
	GlobalSection(ProjectConfigurationPlatforms) = postSolution
		{43CAEC0C-8BC0-4B98-AAD5-FB2A0F3190C5}.Debug|Win32.ActiveCfg = Debug|Win32
		{43CAEC0C-8BC0-4B98-AAD5-FB2A0F3190C5}.Debug|Win32.Build.0 = Debug|Win32
		{43CAEC0C-8BC0-4B98-AAD5-FB2A0F3190C5}.Release|Win32.ActiveCfg = Release|Win32
		{43CAEC0C-8BC0-4B98-AAD5-FB2A0F3190C5}.Release|Win32.Build.0 = Release|Win32
	EndGlobalSection
	GlobalSection(SolutionProperties) = preSolution
		HideSolutionNode = FALSE
	EndGlobalSection
EndGlobal
