
Microsoft Visual Studio Solution File, Format Version 10.00
# Visual C++ Express 2008
Project("{8BC9CEB8-8B4A-11D0-8D11-00A0C91BC942}") = "GuessingNextElement", "GuessingNextElement\GuessingNextElement.vcproj", "{F90C60ED-0349-4870-A4F3-DB94C5272ACA}"
EndProject
Global
	GlobalSection(SolutionConfigurationPlatforms) = preSolution
		Debug|Win32 = Debug|Win32
		Release|Win32 = Release|Win32
	EndGlobalSection
	GlobalSection(ProjectConfigurationPlatforms) = postSolution
		{F90C60ED-0349-4870-A4F3-DB94C5272ACA}.Debug|Win32.ActiveCfg = Debug|Win32
		{F90C60ED-0349-4870-A4F3-DB94C5272ACA}.Debug|Win32.Build.0 = Debug|Win32
		{F90C60ED-0349-4870-A4F3-DB94C5272ACA}.Release|Win32.ActiveCfg = Release|Win32
		{F90C60ED-0349-4870-A4F3-DB94C5272ACA}.Release|Win32.Build.0 = Release|Win32
	EndGlobalSection
	GlobalSection(SolutionProperties) = preSolution
		HideSolutionNode = FALSE
	EndGlobalSection
EndGlobal
