
Microsoft Visual Studio Solution File, Format Version 9.00
# Visual Studio 2005
Project("{8BC9CEB8-8B4A-11D0-8D11-00A0C91BC942}") = "1010", "1010\1010.vcproj", "{B2A98A99-AF04-492F-BE53-6334FC204A1B}"
EndProject
Global
	GlobalSection(SolutionConfigurationPlatforms) = preSolution
		Debug|Win32 = Debug|Win32
		Release|Win32 = Release|Win32
	EndGlobalSection
	GlobalSection(ProjectConfigurationPlatforms) = postSolution
		{B2A98A99-AF04-492F-BE53-6334FC204A1B}.Debug|Win32.ActiveCfg = Debug|Win32
		{B2A98A99-AF04-492F-BE53-6334FC204A1B}.Debug|Win32.Build.0 = Debug|Win32
		{B2A98A99-AF04-492F-BE53-6334FC204A1B}.Release|Win32.ActiveCfg = Release|Win32
		{B2A98A99-AF04-492F-BE53-6334FC204A1B}.Release|Win32.Build.0 = Release|Win32
	EndGlobalSection
	GlobalSection(SolutionProperties) = preSolution
		HideSolutionNode = FALSE
	EndGlobalSection
EndGlobal
