
Microsoft Visual Studio Solution File, Format Version 9.00
# Visual Studio 2005
Project("{8BC9CEB8-8B4A-11D0-8D11-00A0C91BC942}") = "7_7", "7_7\7_7.vcproj", "{7AB3E0F2-FF12-4818-8EAA-456781D6C0C5}"
EndProject
Global
	GlobalSection(SolutionConfigurationPlatforms) = preSolution
		Debug|Win32 = Debug|Win32
		Release|Win32 = Release|Win32
	EndGlobalSection
	GlobalSection(ProjectConfigurationPlatforms) = postSolution
		{7AB3E0F2-FF12-4818-8EAA-456781D6C0C5}.Debug|Win32.ActiveCfg = Debug|Win32
		{7AB3E0F2-FF12-4818-8EAA-456781D6C0C5}.Debug|Win32.Build.0 = Debug|Win32
		{7AB3E0F2-FF12-4818-8EAA-456781D6C0C5}.Release|Win32.ActiveCfg = Release|Win32
		{7AB3E0F2-FF12-4818-8EAA-456781D6C0C5}.Release|Win32.Build.0 = Release|Win32
	EndGlobalSection
	GlobalSection(SolutionProperties) = preSolution
		HideSolutionNode = FALSE
	EndGlobalSection
EndGlobal
